
Microsoft Visual Studio Solution File, Format Version 12.00
# Visual Studio 15
VisualStudioVersion = 15.0.27703.1
MinimumVisualStudioVersion = 10.0.40219.1
Project("{9A19103F-16F7-4668-BE54-9A1E7A4F7556}") = "Entities", "Entities\Entities.csproj", "{BC5DBBEA-69A4-429E-AAF7-CC0F35255BB8}"
EndProject
Project("{9A19103F-16F7-4668-BE54-9A1E7A4F7556}") = "MessageBroker", "MessageBroker\MessageBroker.csproj", "{8613BA71-8C5B-4AE2-8CA6-B0387866C37D}"
EndProject
Project("{9A19103F-16F7-4668-BE54-9A1E7A4F7556}") = "Domain", "Domain\Domain.csproj", "{AD37B74D-DD17-4A37-B6A5-B942FF3C157A}"
EndProject
Project("{9A19103F-16F7-4668-BE54-9A1E7A4F7556}") = "Service", "Service\Service.csproj", "{73076CA5-19B0-4EE2-9A19-26197C66A130}"
EndProject
Global
	GlobalSection(SolutionConfigurationPlatforms) = preSolution
		Debug|Any CPU = Debug|Any CPU
		Release|Any CPU = Release|Any CPU
	EndGlobalSection
	GlobalSection(ProjectConfigurationPlatforms) = postSolution
		{BC5DBBEA-69A4-429E-AAF7-CC0F35255BB8}.Debug|Any CPU.ActiveCfg = Debug|Any CPU
		{BC5DBBEA-69A4-429E-AAF7-CC0F35255BB8}.Debug|Any CPU.Build.0 = Debug|Any CPU
		{BC5DBBEA-69A4-429E-AAF7-CC0F35255BB8}.Release|Any CPU.ActiveCfg = Release|Any CPU
		{BC5DBBEA-69A4-429E-AAF7-CC0F35255BB8}.Release|Any CPU.Build.0 = Release|Any CPU
		{8613BA71-8C5B-4AE2-8CA6-B0387866C37D}.Debug|Any CPU.ActiveCfg = Debug|Any CPU
		{8613BA71-8C5B-4AE2-8CA6-B0387866C37D}.Debug|Any CPU.Build.0 = Debug|Any CPU
		{8613BA71-8C5B-4AE2-8CA6-B0387866C37D}.Release|Any CPU.ActiveCfg = Release|Any CPU
		{8613BA71-8C5B-4AE2-8CA6-B0387866C37D}.Release|Any CPU.Build.0 = Release|Any CPU
		{AD37B74D-DD17-4A37-B6A5-B942FF3C157A}.Debug|Any CPU.ActiveCfg = Debug|Any CPU
		{AD37B74D-DD17-4A37-B6A5-B942FF3C157A}.Debug|Any CPU.Build.0 = Debug|Any CPU
		{AD37B74D-DD17-4A37-B6A5-B942FF3C157A}.Release|Any CPU.ActiveCfg = Release|Any CPU
		{AD37B74D-DD17-4A37-B6A5-B942FF3C157A}.Release|Any CPU.Build.0 = Release|Any CPU
		{73076CA5-19B0-4EE2-9A19-26197C66A130}.Debug|Any CPU.ActiveCfg = Debug|Any CPU
		{73076CA5-19B0-4EE2-9A19-26197C66A130}.Debug|Any CPU.Build.0 = Debug|Any CPU
		{73076CA5-19B0-4EE2-9A19-26197C66A130}.Release|Any CPU.ActiveCfg = Release|Any CPU
		{73076CA5-19B0-4EE2-9A19-26197C66A130}.Release|Any CPU.Build.0 = Release|Any CPU
	EndGlobalSection
	GlobalSection(SolutionProperties) = preSolution
		HideSolutionNode = FALSE
	EndGlobalSection
	GlobalSection(ExtensibilityGlobals) = postSolution
		SolutionGuid = {3B085F1C-C2D9-438B-AADD-37EE9CAE0CF8}
	EndGlobalSection
EndGlobal
