Microsoft Visual Studio Solution File, Format Version 12.00
# Visual Studio 15
VisualStudioVersion = 15.0.27130.2026
MinimumVisualStudioVersion = 15.0.26124.0
Project("{9A19103F-16F7-4668-BE54-9A1E7A4F7556}") = "Service", "Service\Service.csproj", "{35E31A46-2288-475C-92AA-01B099B4E9DB}"
EndProject
Project("{9A19103F-16F7-4668-BE54-9A1E7A4F7556}") = "MessageBroker", "MessageBroker\MessageBroker.csproj", "{AF7080AE-697A-4106-AF19-478B673D586E}"
EndProject
Project("{E53339B2-1760-4266-BCC7-CA923CBCF16C}") = "docker-compose", "docker-compose.dcproj", "{210C5EF4-BE51-4F3E-9BD8-D2C834F11B8F}"
EndProject
Global
	GlobalSection(SolutionConfigurationPlatforms) = preSolution
		Debug|Any CPU = Debug|Any CPU
		Debug|x64 = Debug|x64
		Debug|x86 = Debug|x86
		Release|Any CPU = Release|Any CPU
		Release|x64 = Release|x64
		Release|x86 = Release|x86
	EndGlobalSection
	GlobalSection(ProjectConfigurationPlatforms) = postSolution
		{35E31A46-2288-475C-92AA-01B099B4E9DB}.Debug|Any CPU.ActiveCfg = Debug|Any CPU
		{35E31A46-2288-475C-92AA-01B099B4E9DB}.Debug|Any CPU.Build.0 = Debug|Any CPU
		{35E31A46-2288-475C-92AA-01B099B4E9DB}.Debug|x64.ActiveCfg = Debug|Any CPU
		{35E31A46-2288-475C-92AA-01B099B4E9DB}.Debug|x64.Build.0 = Debug|Any CPU
		{35E31A46-2288-475C-92AA-01B099B4E9DB}.Debug|x86.ActiveCfg = Debug|Any CPU
		{35E31A46-2288-475C-92AA-01B099B4E9DB}.Debug|x86.Build.0 = Debug|Any CPU
		{35E31A46-2288-475C-92AA-01B099B4E9DB}.Release|Any CPU.ActiveCfg = Release|Any CPU
		{35E31A46-2288-475C-92AA-01B099B4E9DB}.Release|Any CPU.Build.0 = Release|Any CPU
		{35E31A46-2288-475C-92AA-01B099B4E9DB}.Release|x64.ActiveCfg = Release|Any CPU
		{35E31A46-2288-475C-92AA-01B099B4E9DB}.Release|x64.Build.0 = Release|Any CPU
		{35E31A46-2288-475C-92AA-01B099B4E9DB}.Release|x86.ActiveCfg = Release|Any CPU
		{35E31A46-2288-475C-92AA-01B099B4E9DB}.Release|x86.Build.0 = Release|Any CPU
		{AF7080AE-697A-4106-AF19-478B673D586E}.Debug|Any CPU.ActiveCfg = Debug|Any CPU
		{AF7080AE-697A-4106-AF19-478B673D586E}.Debug|Any CPU.Build.0 = Debug|Any CPU
		{AF7080AE-697A-4106-AF19-478B673D586E}.Debug|x64.ActiveCfg = Debug|Any CPU
		{AF7080AE-697A-4106-AF19-478B673D586E}.Debug|x64.Build.0 = Debug|Any CPU
		{AF7080AE-697A-4106-AF19-478B673D586E}.Debug|x86.ActiveCfg = Debug|Any CPU
		{AF7080AE-697A-4106-AF19-478B673D586E}.Debug|x86.Build.0 = Debug|Any CPU
		{AF7080AE-697A-4106-AF19-478B673D586E}.Release|Any CPU.ActiveCfg = Release|Any CPU
		{AF7080AE-697A-4106-AF19-478B673D586E}.Release|Any CPU.Build.0 = Release|Any CPU
		{AF7080AE-697A-4106-AF19-478B673D586E}.Release|x64.ActiveCfg = Release|Any CPU
		{AF7080AE-697A-4106-AF19-478B673D586E}.Release|x64.Build.0 = Release|Any CPU
		{AF7080AE-697A-4106-AF19-478B673D586E}.Release|x86.ActiveCfg = Release|Any CPU
		{AF7080AE-697A-4106-AF19-478B673D586E}.Release|x86.Build.0 = Release|Any CPU
		{210C5EF4-BE51-4F3E-9BD8-D2C834F11B8F}.Debug|Any CPU.ActiveCfg = Debug|Any CPU
		{210C5EF4-BE51-4F3E-9BD8-D2C834F11B8F}.Debug|Any CPU.Build.0 = Debug|Any CPU
		{210C5EF4-BE51-4F3E-9BD8-D2C834F11B8F}.Debug|x64.ActiveCfg = Debug|Any CPU
		{210C5EF4-BE51-4F3E-9BD8-D2C834F11B8F}.Debug|x64.Build.0 = Debug|Any CPU
		{210C5EF4-BE51-4F3E-9BD8-D2C834F11B8F}.Debug|x86.ActiveCfg = Debug|Any CPU
		{210C5EF4-BE51-4F3E-9BD8-D2C834F11B8F}.Debug|x86.Build.0 = Debug|Any CPU
		{210C5EF4-BE51-4F3E-9BD8-D2C834F11B8F}.Release|Any CPU.ActiveCfg = Release|Any CPU
		{210C5EF4-BE51-4F3E-9BD8-D2C834F11B8F}.Release|Any CPU.Build.0 = Release|Any CPU
		{210C5EF4-BE51-4F3E-9BD8-D2C834F11B8F}.Release|x64.ActiveCfg = Release|Any CPU
		{210C5EF4-BE51-4F3E-9BD8-D2C834F11B8F}.Release|x64.Build.0 = Release|Any CPU
		{210C5EF4-BE51-4F3E-9BD8-D2C834F11B8F}.Release|x86.ActiveCfg = Release|Any CPU
		{210C5EF4-BE51-4F3E-9BD8-D2C834F11B8F}.Release|x86.Build.0 = Release|Any CPU
	EndGlobalSection
	GlobalSection(SolutionProperties) = preSolution
		HideSolutionNode = FALSE
	EndGlobalSection
	GlobalSection(ExtensibilityGlobals) = postSolution
		SolutionGuid = {1BBA6574-7E3D-4A8C-B027-EFDD7A7446CF}
	EndGlobalSection
EndGlobal
