
Microsoft Visual Studio Solution File, Format Version 12.00
# Visual Studio 15
VisualStudioVersion = 15.0.26730.12
MinimumVisualStudioVersion = 10.0.40219.1
Project("{FAE04EC0-301F-11D3-BF4B-00C04F79EFBC}") = "Service", "Service\Service.csproj", "{D9C93280-C861-4B54-8AF2-1591E345F322}"
EndProject
Project("{FAE04EC0-301F-11D3-BF4B-00C04F79EFBC}") = "MessageBroker", "MessageBroker\MessageBroker.csproj", "{EFA11B64-96B8-4044-B539-DBA095B31E6B}"
EndProject
Global
	GlobalSection(SolutionConfigurationPlatforms) = preSolution
		Debug|Any CPU = Debug|Any CPU
		Release|Any CPU = Release|Any CPU
	EndGlobalSection
	GlobalSection(ProjectConfigurationPlatforms) = postSolution
		{D9C93280-C861-4B54-8AF2-1591E345F322}.Debug|Any CPU.ActiveCfg = Debug|Any CPU
		{D9C93280-C861-4B54-8AF2-1591E345F322}.Debug|Any CPU.Build.0 = Debug|Any CPU
		{D9C93280-C861-4B54-8AF2-1591E345F322}.Release|Any CPU.ActiveCfg = Release|Any CPU
		{D9C93280-C861-4B54-8AF2-1591E345F322}.Release|Any CPU.Build.0 = Release|Any CPU
		{EFA11B64-96B8-4044-B539-DBA095B31E6B}.Debug|Any CPU.ActiveCfg = Debug|Any CPU
		{EFA11B64-96B8-4044-B539-DBA095B31E6B}.Debug|Any CPU.Build.0 = Debug|Any CPU
		{EFA11B64-96B8-4044-B539-DBA095B31E6B}.Release|Any CPU.ActiveCfg = Release|Any CPU
		{EFA11B64-96B8-4044-B539-DBA095B31E6B}.Release|Any CPU.Build.0 = Release|Any CPU
	EndGlobalSection
	GlobalSection(SolutionProperties) = preSolution
		HideSolutionNode = FALSE
	EndGlobalSection
	GlobalSection(ExtensibilityGlobals) = postSolution
		SolutionGuid = {1B3456C7-501B-4200-957D-F28043B8748C}
	EndGlobalSection
EndGlobal
